
Microsoft Visual Studio Solution File, Format Version 12.00
# Visual Studio Version 17
VisualStudioVersion = 17.2.32519.379
MinimumVisualStudioVersion = 10.0.40219.1
Project("{FAE04EC0-301F-11D3-BF4B-00C04F79EFBC}") = "StaffCalls", "StaffCalls\StaffCalls.csproj", "{013C5A01-8371-4EA0-9050-A9359BDFFF90}"
EndProject
Global
	GlobalSection(SolutionConfigurationPlatforms) = preSolution
		Debug|Any CPU = Debug|Any CPU
		Release|Any CPU = Release|Any CPU
	EndGlobalSection
	GlobalSection(ProjectConfigurationPlatforms) = postSolution
		{013C5A01-8371-4EA0-9050-A9359BDFFF90}.Debug|Any CPU.ActiveCfg = Debug|Any CPU
		{013C5A01-8371-4EA0-9050-A9359BDFFF90}.Debug|Any CPU.Build.0 = Debug|Any CPU
		{013C5A01-8371-4EA0-9050-A9359BDFFF90}.Release|Any CPU.ActiveCfg = Release|Any CPU
		{013C5A01-8371-4EA0-9050-A9359BDFFF90}.Release|Any CPU.Build.0 = Release|Any CPU
	EndGlobalSection
	GlobalSection(SolutionProperties) = preSolution
		HideSolutionNode = FALSE
	EndGlobalSection
	GlobalSection(ExtensibilityGlobals) = postSolution
		SolutionGuid = {40403DBB-74DF-4838-ACCF-4712F5B0F604}
	EndGlobalSection
EndGlobal
